
Microsoft Visual Studio Solution File, Format Version 12.00
# Visual Studio Version 17
VisualStudioVersion = 17.9.34728.123
MinimumVisualStudioVersion = 10.0.40219.1
Project("{FAE04EC0-301F-11D3-BF4B-00C04F79EFBC}") = "PizzaRestaurant", "PizzaRestaurant.csproj", "{65D710D2-6ED9-4201-99AD-19D1206D3ACF}"
EndProject
Project("{FAE04EC0-301F-11D3-BF4B-00C04F79EFBC}") = "PizzaRestaurant.Model", "..\PizzaRestaurant.Model\PizzaRestaurant.Model.csproj", "{D77763B1-7E12-4861-BE90-676802199DB3}"
EndProject
Project("{FAE04EC0-301F-11D3-BF4B-00C04F79EFBC}") = "PizzaRestaurant.Service", "..\PizzaRestaurant.Service\PizzaRestaurant.Service.csproj", "{7700B2E1-2737-4736-A6B0-9333B96818CB}"
EndProject
Global
	GlobalSection(SolutionConfigurationPlatforms) = preSolution
		Debug|Any CPU = Debug|Any CPU
		Release|Any CPU = Release|Any CPU
	EndGlobalSection
	GlobalSection(ProjectConfigurationPlatforms) = postSolution
		{65D710D2-6ED9-4201-99AD-19D1206D3ACF}.Debug|Any CPU.ActiveCfg = Debug|Any CPU
		{65D710D2-6ED9-4201-99AD-19D1206D3ACF}.Debug|Any CPU.Build.0 = Debug|Any CPU
		{65D710D2-6ED9-4201-99AD-19D1206D3ACF}.Release|Any CPU.ActiveCfg = Release|Any CPU
		{65D710D2-6ED9-4201-99AD-19D1206D3ACF}.Release|Any CPU.Build.0 = Release|Any CPU
		{D77763B1-7E12-4861-BE90-676802199DB3}.Debug|Any CPU.ActiveCfg = Debug|Any CPU
		{D77763B1-7E12-4861-BE90-676802199DB3}.Debug|Any CPU.Build.0 = Debug|Any CPU
		{D77763B1-7E12-4861-BE90-676802199DB3}.Release|Any CPU.ActiveCfg = Release|Any CPU
		{D77763B1-7E12-4861-BE90-676802199DB3}.Release|Any CPU.Build.0 = Release|Any CPU
		{7700B2E1-2737-4736-A6B0-9333B96818CB}.Debug|Any CPU.ActiveCfg = Debug|Any CPU
		{7700B2E1-2737-4736-A6B0-9333B96818CB}.Debug|Any CPU.Build.0 = Debug|Any CPU
		{7700B2E1-2737-4736-A6B0-9333B96818CB}.Release|Any CPU.ActiveCfg = Release|Any CPU
		{7700B2E1-2737-4736-A6B0-9333B96818CB}.Release|Any CPU.Build.0 = Release|Any CPU
	EndGlobalSection
	GlobalSection(SolutionProperties) = preSolution
		HideSolutionNode = FALSE
	EndGlobalSection
	GlobalSection(ExtensibilityGlobals) = postSolution
		SolutionGuid = {31367CFF-7FA4-48CD-8263-60B6AFEB5419}
	EndGlobalSection
EndGlobal
